Microsoft Visual Studio Solution File, Format Version 11.00
# Visual Studio 2008

Project("{D72E5EE9-B367-8339-56ED-9F88A960C686}") = "nav", "Assembly-CSharp-vs.csproj", "{F042CB1E-14EF-76EC-F444-3D9E35657ED0}"
EndProject
Project("{D72E5EE9-B367-8339-56ED-9F88A960C686}") = "nav", "Assembly-CSharp-Editor-vs.csproj", "{3E0D63E3-56A5-68F9-4E4D-3F3B9EC3C538}"
EndProject
Global
	GlobalSection(SolutionConfigurationPlatforms) = preSolution
		Debug|Any CPU = Debug|Any CPU
		Release|Any CPU = Release|Any CPU
	EndGlobalSection
	GlobalSection(ProjectConfigurationPlatforms) = postSolution
		{F042CB1E-14EF-76EC-F444-3D9E35657ED0}.Debug|Any CPU.ActiveCfg = Debug|Any CPU
		{F042CB1E-14EF-76EC-F444-3D9E35657ED0}.Debug|Any CPU.Build.0 = Debug|Any CPU
		{F042CB1E-14EF-76EC-F444-3D9E35657ED0}.Release|Any CPU.ActiveCfg = Release|Any CPU
		{F042CB1E-14EF-76EC-F444-3D9E35657ED0}.Release|Any CPU.Build.0 = Release|Any CPU
		{3E0D63E3-56A5-68F9-4E4D-3F3B9EC3C538}.Debug|Any CPU.ActiveCfg = Debug|Any CPU
		{3E0D63E3-56A5-68F9-4E4D-3F3B9EC3C538}.Debug|Any CPU.Build.0 = Debug|Any CPU
		{3E0D63E3-56A5-68F9-4E4D-3F3B9EC3C538}.Release|Any CPU.ActiveCfg = Release|Any CPU
		{3E0D63E3-56A5-68F9-4E4D-3F3B9EC3C538}.Release|Any CPU.Build.0 = Release|Any CPU
	EndGlobalSection
	GlobalSection(SolutionProperties) = preSolution
		HideSolutionNode = FALSE
	EndGlobalSection
																																																																																																																																																																																																																																																																																																										GlobalSection(MonoDevelopProperties) = preSolution
=======
																																																																																																																																			GlobalSection(MonoDevelopProperties) = preSolution
>>>>>>> b3ba5614dc3d8f70021ab79a69e6c81589982a01
=======
																																																																																												GlobalSection(MonoDevelopProperties) = preSolution
>>>>>>> 0f193b28dc2101085601e0659e2ea8881fd259b1
		StartupItem = Assembly-CSharp.csproj
		Policies = $0
		$0.TextStylePolicy = $1
		$1.inheritsSet = null
		$1.scope = text/x-csharp
		$0.CSharpFormattingPolicy = $2
		$2.inheritsSet = Mono
		$2.inheritsScope = text/x-csharp
		$2.scope = text/x-csharp
		$0.TextStylePolicy = $3
		$3.FileWidth = 120
		$3.TabWidth = 4
		$3.IndentWidth = 4
		$3.EolMarker = Unix
		$3.inheritsSet = Mono
		$3.inheritsScope = text/plain
		$3.scope = text/plain
	EndGlobalSection

EndGlobal
